
Microsoft Visual Studio Solution File, Format Version 12.00
# Visual Studio Version 16
VisualStudioVersion = 16.0.31321.278
MinimumVisualStudioVersion = 10.0.40219.1
Project("{FAE04EC0-301F-11D3-BF4B-00C04F79EFBC}") = "WSL.AIYISHENG.FIN.PLUGIN", "WSL.AIYISHENG.FIN.PLUGIN\WSL.AIYISHENG.FIN.PLUGIN.csproj", "{E34D82B7-BA57-4E82-B1C5-FB0B35A2FFE5}"
EndProject
Global
	GlobalSection(SolutionConfigurationPlatforms) = preSolution
		Debug|Any CPU = Debug|Any CPU
		Release|Any CPU = Release|Any CPU
	EndGlobalSection
	GlobalSection(ProjectConfigurationPlatforms) = postSolution
		{E34D82B7-BA57-4E82-B1C5-FB0B35A2FFE5}.Debug|Any CPU.ActiveCfg = Debug|Any CPU
		{E34D82B7-BA57-4E82-B1C5-FB0B35A2FFE5}.Debug|Any CPU.Build.0 = Debug|Any CPU
		{E34D82B7-BA57-4E82-B1C5-FB0B35A2FFE5}.Release|Any CPU.ActiveCfg = Release|Any CPU
		{E34D82B7-BA57-4E82-B1C5-FB0B35A2FFE5}.Release|Any CPU.Build.0 = Release|Any CPU
	EndGlobalSection
	GlobalSection(SolutionProperties) = preSolution
		HideSolutionNode = FALSE
	EndGlobalSection
	GlobalSection(ExtensibilityGlobals) = postSolution
		SolutionGuid = {B32A4401-30A1-4846-8CF6-FBC2BBD1F33C}
	EndGlobalSection
EndGlobal
